
Microsoft Visual Studio Solution File, Format Version 12.00
# Visual Studio Version 16
VisualStudioVersion = 16.0.30104.148
MinimumVisualStudioVersion = 10.0.40219.1
Project("{FAE04EC0-301F-11D3-BF4B-00C04F79EFBC}") = "ClienteDotNet", "ClienteDotNet\ClienteDotNet.csproj", "{F9FDA006-B7F7-4255-8B73-6809B4A69679}"
EndProject
Global
	GlobalSection(SolutionConfigurationPlatforms) = preSolution
		Debug|Any CPU = Debug|Any CPU
		Release|Any CPU = Release|Any CPU
	EndGlobalSection
	GlobalSection(ProjectConfigurationPlatforms) = postSolution
		{F9FDA006-B7F7-4255-8B73-6809B4A69679}.Debug|Any CPU.ActiveCfg = Debug|Any CPU
		{F9FDA006-B7F7-4255-8B73-6809B4A69679}.Debug|Any CPU.Build.0 = Debug|Any CPU
		{F9FDA006-B7F7-4255-8B73-6809B4A69679}.Release|Any CPU.ActiveCfg = Release|Any CPU
		{F9FDA006-B7F7-4255-8B73-6809B4A69679}.Release|Any CPU.Build.0 = Release|Any CPU
	EndGlobalSection
	GlobalSection(SolutionProperties) = preSolution
		HideSolutionNode = FALSE
	EndGlobalSection
	GlobalSection(ExtensibilityGlobals) = postSolution
		SolutionGuid = {5190EE10-7597-4122-AFA4-11FB945FBD93}
	EndGlobalSection
EndGlobal
